
Microsoft Visual Studio Solution File, Format Version 12.00
# Visual Studio Version 17
VisualStudioVersion = 17.2.32526.322
MinimumVisualStudioVersion = 10.0.40219.1
Project("{9A19103F-16F7-4668-BE54-9A1E7A4F7556}") = "Quick.Sms.Test", "Quick.Sms.Test\Quick.Sms.Test.csproj", "{8A06ABAE-B8D3-4F90-BF08-AE3D240B5F96}"
EndProject
Project("{9A19103F-16F7-4668-BE54-9A1E7A4F7556}") = "Quick.Sms", "Quick.Sms\Quick.Sms.csproj", "{4BB95777-0680-44CF-9F2E-B83ADA53DDA2}"
EndProject
Project("{9A19103F-16F7-4668-BE54-9A1E7A4F7556}") = "_build", "_build\_build.csproj", "{F1342CA8-D8DF-4571-8238-7D0B4EE33523}"
EndProject
Global
	GlobalSection(SolutionConfigurationPlatforms) = preSolution
		Debug|Any CPU = Debug|Any CPU
		Release|Any CPU = Release|Any CPU
	EndGlobalSection
	GlobalSection(ProjectConfigurationPlatforms) = postSolution
		{8A06ABAE-B8D3-4F90-BF08-AE3D240B5F96}.Debug|Any CPU.ActiveCfg = Debug|Any CPU
		{8A06ABAE-B8D3-4F90-BF08-AE3D240B5F96}.Debug|Any CPU.Build.0 = Debug|Any CPU
		{8A06ABAE-B8D3-4F90-BF08-AE3D240B5F96}.Release|Any CPU.ActiveCfg = Release|Any CPU
		{8A06ABAE-B8D3-4F90-BF08-AE3D240B5F96}.Release|Any CPU.Build.0 = Release|Any CPU
		{4BB95777-0680-44CF-9F2E-B83ADA53DDA2}.Debug|Any CPU.ActiveCfg = Debug|Any CPU
		{4BB95777-0680-44CF-9F2E-B83ADA53DDA2}.Debug|Any CPU.Build.0 = Debug|Any CPU
		{4BB95777-0680-44CF-9F2E-B83ADA53DDA2}.Release|Any CPU.ActiveCfg = Release|Any CPU
		{4BB95777-0680-44CF-9F2E-B83ADA53DDA2}.Release|Any CPU.Build.0 = Release|Any CPU
		{F1342CA8-D8DF-4571-8238-7D0B4EE33523}.Debug|Any CPU.ActiveCfg = Debug|Any CPU
		{F1342CA8-D8DF-4571-8238-7D0B4EE33523}.Debug|Any CPU.Build.0 = Debug|Any CPU
		{F1342CA8-D8DF-4571-8238-7D0B4EE33523}.Release|Any CPU.ActiveCfg = Release|Any CPU
		{F1342CA8-D8DF-4571-8238-7D0B4EE33523}.Release|Any CPU.Build.0 = Release|Any CPU
	EndGlobalSection
	GlobalSection(SolutionProperties) = preSolution
		HideSolutionNode = FALSE
	EndGlobalSection
	GlobalSection(ExtensibilityGlobals) = postSolution
		SolutionGuid = {EF10BC43-FDB9-4DFD-9187-62CCE2C273E3}
	EndGlobalSection
EndGlobal
