
Microsoft Visual Studio Solution File, Format Version 12.00
# Visual Studio Version 17
VisualStudioVersion = 17.2.32526.322
MinimumVisualStudioVersion = 10.0.40219.1
Project("{9A19103F-16F7-4668-BE54-9A1E7A4F7556}") = "Quick.Sms", "Quick.Sms\Quick.Sms.csproj", "{4BB95777-0680-44CF-9F2E-B83ADA53DDA2}"
EndProject
Project("{9A19103F-16F7-4668-BE54-9A1E7A4F7556}") = "_build", "_build\_build.csproj", "{F1342CA8-D8DF-4571-8238-7D0B4EE33523}"
EndProject
Project("{9A19103F-16F7-4668-BE54-9A1E7A4F7556}") = "Quick.Sms.CMCC.CloudMAS", "Quick.Sms.CMCC.CloudMAS\Quick.Sms.CMCC.CloudMAS.csproj", "{9D259186-61ED-4CA1-9B35-56621541532D}"
EndProject
Project("{9A19103F-16F7-4668-BE54-9A1E7A4F7556}") = "Quick.Sms.Desktop", "Quick.Sms.Desktop\Quick.Sms.Desktop.csproj", "{030C1B44-D113-446B-9C30-261B28BE4A33}"
EndProject
Project("{FAE04EC0-301F-11D3-BF4B-00C04F79EFBC}") = "Quick.Sms.BlazorServer", "Quick.Sms.BlazorServer\Quick.Sms.BlazorServer.csproj", "{078ADEFE-8AAB-4B12-A706-4F9EDA2D6222}"
EndProject
Global
	GlobalSection(SolutionConfigurationPlatforms) = preSolution
		Debug|Any CPU = Debug|Any CPU
		Release|Any CPU = Release|Any CPU
	EndGlobalSection
	GlobalSection(ProjectConfigurationPlatforms) = postSolution
		{4BB95777-0680-44CF-9F2E-B83ADA53DDA2}.Debug|Any CPU.ActiveCfg = Debug|Any CPU
		{4BB95777-0680-44CF-9F2E-B83ADA53DDA2}.Debug|Any CPU.Build.0 = Debug|Any CPU
		{4BB95777-0680-44CF-9F2E-B83ADA53DDA2}.Release|Any CPU.ActiveCfg = Release|Any CPU
		{4BB95777-0680-44CF-9F2E-B83ADA53DDA2}.Release|Any CPU.Build.0 = Release|Any CPU
		{F1342CA8-D8DF-4571-8238-7D0B4EE33523}.Debug|Any CPU.ActiveCfg = Debug|Any CPU
		{F1342CA8-D8DF-4571-8238-7D0B4EE33523}.Debug|Any CPU.Build.0 = Debug|Any CPU
		{F1342CA8-D8DF-4571-8238-7D0B4EE33523}.Release|Any CPU.ActiveCfg = Release|Any CPU
		{F1342CA8-D8DF-4571-8238-7D0B4EE33523}.Release|Any CPU.Build.0 = Release|Any CPU
		{9D259186-61ED-4CA1-9B35-56621541532D}.Debug|Any CPU.ActiveCfg = Debug|Any CPU
		{9D259186-61ED-4CA1-9B35-56621541532D}.Debug|Any CPU.Build.0 = Debug|Any CPU
		{9D259186-61ED-4CA1-9B35-56621541532D}.Release|Any CPU.ActiveCfg = Release|Any CPU
		{9D259186-61ED-4CA1-9B35-56621541532D}.Release|Any CPU.Build.0 = Release|Any CPU
		{030C1B44-D113-446B-9C30-261B28BE4A33}.Debug|Any CPU.ActiveCfg = Debug|Any CPU
		{030C1B44-D113-446B-9C30-261B28BE4A33}.Debug|Any CPU.Build.0 = Debug|Any CPU
		{030C1B44-D113-446B-9C30-261B28BE4A33}.Release|Any CPU.ActiveCfg = Release|Any CPU
		{030C1B44-D113-446B-9C30-261B28BE4A33}.Release|Any CPU.Build.0 = Release|Any CPU
		{078ADEFE-8AAB-4B12-A706-4F9EDA2D6222}.Debug|Any CPU.ActiveCfg = Debug|Any CPU
		{078ADEFE-8AAB-4B12-A706-4F9EDA2D6222}.Debug|Any CPU.Build.0 = Debug|Any CPU
		{078ADEFE-8AAB-4B12-A706-4F9EDA2D6222}.Release|Any CPU.ActiveCfg = Release|Any CPU
		{078ADEFE-8AAB-4B12-A706-4F9EDA2D6222}.Release|Any CPU.Build.0 = Release|Any CPU
	EndGlobalSection
	GlobalSection(SolutionProperties) = preSolution
		HideSolutionNode = FALSE
	EndGlobalSection
	GlobalSection(ExtensibilityGlobals) = postSolution
		SolutionGuid = {EF10BC43-FDB9-4DFD-9187-62CCE2C273E3}
	EndGlobalSection
EndGlobal
